
Microsoft Visual Studio Solution File, Format Version 12.00
# Visual Studio Version 17
VisualStudioVersion = 17.1.32328.378
MinimumVisualStudioVersion = 10.0.40219.1
Project("{9A19103F-16F7-4668-BE54-9A1E7A4F7556}") = "CarPool.DAL", "CarPool.DAL\CarPool.DAL.csproj", "{AE86B432-B3A7-4196-A04B-E275F08BCCD3}"
EndProject
Project("{9A19103F-16F7-4668-BE54-9A1E7A4F7556}") = "CarPool.Common", "CarPool.Common\CarPool.Common.csproj", "{A5B05096-5A58-4EFC-84CB-05910DAF7774}"
EndProject
Project("{9A19103F-16F7-4668-BE54-9A1E7A4F7556}") = "CarPool.Common.Tests", "CarPool.Common.Tests\CarPool.Common.Tests.csproj", "{FD6CEAD3-364A-413E-AAE0-8D2C14288512}"
EndProject
Project("{9A19103F-16F7-4668-BE54-9A1E7A4F7556}") = "CarPool.DAL.Tests", "CarPool.DAL.Tests\CarPool.DAL.Tests.csproj", "{585A2A30-D57E-4E89-A6E4-5472E37A5EEC}"
EndProject
Project("{9A19103F-16F7-4668-BE54-9A1E7A4F7556}") = "CarPool.BL", "CarPool.BL\CarPool.BL.csproj", "{74A92A01-4585-471D-9449-F305C577D404}"
EndProject
Project("{9A19103F-16F7-4668-BE54-9A1E7A4F7556}") = "CarPool.BL.Tests", "CarPool.BL.Tests\CarPool.BL.Tests.csproj", "{77E8ACA9-AC39-45D3-9118-7ABEA2E41BDA}"
EndProject
Project("{9A19103F-16F7-4668-BE54-9A1E7A4F7556}") = "CarPool.App", "CarPool.App\CarPool.App.csproj", "{69A0995F-CE2C-4B6D-894E-B98B8CD1A8EA}"
EndProject
Global
	GlobalSection(SolutionConfigurationPlatforms) = preSolution
		Debug|Any CPU = Debug|Any CPU
		Release|Any CPU = Release|Any CPU
	EndGlobalSection
	GlobalSection(ProjectConfigurationPlatforms) = postSolution
		{AE86B432-B3A7-4196-A04B-E275F08BCCD3}.Debug|Any CPU.ActiveCfg = Debug|Any CPU
		{AE86B432-B3A7-4196-A04B-E275F08BCCD3}.Debug|Any CPU.Build.0 = Debug|Any CPU
		{AE86B432-B3A7-4196-A04B-E275F08BCCD3}.Release|Any CPU.ActiveCfg = Release|Any CPU
		{AE86B432-B3A7-4196-A04B-E275F08BCCD3}.Release|Any CPU.Build.0 = Release|Any CPU
		{A5B05096-5A58-4EFC-84CB-05910DAF7774}.Debug|Any CPU.ActiveCfg = Debug|Any CPU
		{A5B05096-5A58-4EFC-84CB-05910DAF7774}.Debug|Any CPU.Build.0 = Debug|Any CPU
		{A5B05096-5A58-4EFC-84CB-05910DAF7774}.Release|Any CPU.ActiveCfg = Release|Any CPU
		{A5B05096-5A58-4EFC-84CB-05910DAF7774}.Release|Any CPU.Build.0 = Release|Any CPU
		{FD6CEAD3-364A-413E-AAE0-8D2C14288512}.Debug|Any CPU.ActiveCfg = Debug|Any CPU
		{FD6CEAD3-364A-413E-AAE0-8D2C14288512}.Debug|Any CPU.Build.0 = Debug|Any CPU
		{FD6CEAD3-364A-413E-AAE0-8D2C14288512}.Release|Any CPU.ActiveCfg = Release|Any CPU
		{FD6CEAD3-364A-413E-AAE0-8D2C14288512}.Release|Any CPU.Build.0 = Release|Any CPU
		{585A2A30-D57E-4E89-A6E4-5472E37A5EEC}.Debug|Any CPU.ActiveCfg = Debug|Any CPU
		{585A2A30-D57E-4E89-A6E4-5472E37A5EEC}.Debug|Any CPU.Build.0 = Debug|Any CPU
		{585A2A30-D57E-4E89-A6E4-5472E37A5EEC}.Release|Any CPU.ActiveCfg = Release|Any CPU
		{585A2A30-D57E-4E89-A6E4-5472E37A5EEC}.Release|Any CPU.Build.0 = Release|Any CPU
		{74A92A01-4585-471D-9449-F305C577D404}.Debug|Any CPU.ActiveCfg = Debug|Any CPU
		{74A92A01-4585-471D-9449-F305C577D404}.Debug|Any CPU.Build.0 = Debug|Any CPU
		{74A92A01-4585-471D-9449-F305C577D404}.Release|Any CPU.ActiveCfg = Release|Any CPU
		{74A92A01-4585-471D-9449-F305C577D404}.Release|Any CPU.Build.0 = Release|Any CPU
		{77E8ACA9-AC39-45D3-9118-7ABEA2E41BDA}.Debug|Any CPU.ActiveCfg = Debug|Any CPU
		{77E8ACA9-AC39-45D3-9118-7ABEA2E41BDA}.Debug|Any CPU.Build.0 = Debug|Any CPU
		{77E8ACA9-AC39-45D3-9118-7ABEA2E41BDA}.Release|Any CPU.ActiveCfg = Release|Any CPU
		{77E8ACA9-AC39-45D3-9118-7ABEA2E41BDA}.Release|Any CPU.Build.0 = Release|Any CPU
		{69A0995F-CE2C-4B6D-894E-B98B8CD1A8EA}.Debug|Any CPU.ActiveCfg = Debug|Any CPU
		{69A0995F-CE2C-4B6D-894E-B98B8CD1A8EA}.Debug|Any CPU.Build.0 = Debug|Any CPU
		{69A0995F-CE2C-4B6D-894E-B98B8CD1A8EA}.Release|Any CPU.ActiveCfg = Release|Any CPU
		{69A0995F-CE2C-4B6D-894E-B98B8CD1A8EA}.Release|Any CPU.Build.0 = Release|Any CPU
	EndGlobalSection
	GlobalSection(SolutionProperties) = preSolution
		HideSolutionNode = FALSE
	EndGlobalSection
	GlobalSection(ExtensibilityGlobals) = postSolution
		SolutionGuid = {C44F26EA-7654-4B11-A4E5-382682D001AF}
	EndGlobalSection
EndGlobal
